// !$*UTF8*$!
{
	archiveVersion = 1;
	classes = {
	};
	objectVersion = 56;
	objects = {

/* Begin PBXBuildFile section */
		39EEE2A2299B4E0200BB506A /* techGoodsApp.swift in Sources */ = {isa = PBXBuildFile; fileRef = 39EEE2A1299B4E0200BB506A /* techGoodsApp.swift */; };
		39EEE2A4299B4E0200BB506A /* ContentView.swift in Sources */ = {isa = PBXBuildFile; fileRef = 39EEE2A3299B4E0200BB506A /* ContentView.swift */; };
		39EEE2A6299B4E0300BB506A /* Assets.xcassets in Resources */ = {isa = PBXBuildFile; fileRef = 39EEE2A5299B4E0300BB506A /* Assets.xcassets */; };
		39EEE2A9299B4E0300BB506A /* Preview Assets.xcassets in Resources */ = {isa = PBXBuildFile; fileRef = 39EEE2A8299B4E0300BB506A /* Preview Assets.xcassets */; };
		39EEE2B3299B4E0300BB506A /* techGoodsTests.swift in Sources */ = {isa = PBXBuildFile; fileRef = 39EEE2B2299B4E0300BB506A /* techGoodsTests.swift */; };
		39EEE2BD299B4E0400BB506A /* techGoodsUITests.swift in Sources */ = {isa = PBXBuildFile; fileRef = 39EEE2BC299B4E0400BB506A /* techGoodsUITests.swift */; };
		39EEE2BF299B4E0400BB506A /* techGoodsUITestsLaunchTests.swift in Sources */ = {isa = PBXBuildFile; fileRef = 39EEE2BE299B4E0400BB506A /* techGoodsUITestsLaunchTests.swift */; };
/* End PBXBuildFile section */

/* Begin PBXContainerItemProxy section */
		39EEE2AF299B4E0300BB506A /* PBXContainerItemProxy */ = {
			isa = PBXContainerItemProxy;
			containerPortal = 39EEE296299B4E0200BB506A /* Project object */;
			proxyType = 1;
			remoteGlobalIDString = 39EEE29D299B4E0200BB506A;
			remoteInfo = techGoods;
		};
		39EEE2B9299B4E0400BB506A /* PBXContainerItemProxy */ = {
			isa = PBXContainerItemProxy;
			containerPortal = 39EEE296299B4E0200BB506A /* Project object */;
			proxyType = 1;
			remoteGlobalIDString = 39EEE29D299B4E0200BB506A;
			remoteInfo = techGoods;
		};
/* End PBXContainerItemProxy section */

/* Begin PBXFileReference section */
		39EEE29E299B4E0200BB506A /* techGoods.app */ = {isa = PBXFileReference; explicitFileType = wrapper.application; includeInIndex = 0; path = techGoods.app; sourceTree = BUILT_PRODUCTS_DIR; };
		39EEE2A1299B4E0200BB506A /* techGoodsApp.swift */ = {isa = PBXFileReference; lastKnownFileType = sourcecode.swift; path = techGoodsApp.swift; sourceTree = "<group>"; };
		39EEE2A3299B4E0200BB506A /* ContentView.swift */ = {isa = PBXFileReference; lastKnownFileType = sourcecode.swift; path = ContentView.swift; sourceTree = "<group>"; };
		39EEE2A5299B4E0300BB506A /* Assets.xcassets */ = {isa = PBXFileReference; lastKnownFileType = folder.assetcatalog; path = Assets.xcassets; sourceTree = "<group>"; };
		39EEE2A8299B4E0300BB506A /* Preview Assets.xcassets */ = {isa = PBXFileReference; lastKnownFileType = folder.assetcatalog; path = "Preview Assets.xcassets"; sourceTree = "<group>"; };
		39EEE2AE299B4E0300BB506A /* techGoodsTests.xctest */ = {isa = PBXFileReference; explicitFileType = wrapper.cfbundle; includeInIndex = 0; path = techGoodsTests.xctest; sourceTree = BUILT_PRODUCTS_DIR; };
		39EEE2B2299B4E0300BB506A /* techGoodsTests.swift */ = {isa = PBXFileReference; lastKnownFileType = sourcecode.swift; path = techGoodsTests.swift; sourceTree = "<group>"; };
		39EEE2B8299B4E0300BB506A /* techGoodsUITests.xctest */ = {isa = PBXFileReference; explicitFileType = wrapper.cfbundle; includeInIndex = 0; path = techGoodsUITests.xctest; sourceTree = BUILT_PRODUCTS_DIR; };
		39EEE2BC299B4E0400BB506A /* techGoodsUITests.swift */ = {isa = PBXFileReference; lastKnownFileType = sourcecode.swift; path = techGoodsUITests.swift; sourceTree = "<group>"; };
		39EEE2BE299B4E0400BB506A /* techGoodsUITestsLaunchTests.swift */ = {isa = PBXFileReference; lastKnownFileType = sourcecode.swift; path = techGoodsUITestsLaunchTests.swift; sourceTree = "<group>"; };
/* End PBXFileReference section */

/* Begin PBXFrameworksBuildPhase section */
		39EEE29B299B4E0200BB506A /* Frameworks */ = {
			isa = PBXFrameworksBuildPhase;
			buildActionMask = 2147483647;
			files = (
			);
			runOnlyForDeploymentPostprocessing = 0;
		};
		39EEE2AB299B4E0300BB506A /* Frameworks */ = {
			isa = PBXFrameworksBuildPhase;
			buildActionMask = 2147483647;
			files = (
			);
			runOnlyForDeploymentPostprocessing = 0;
		};
		39EEE2B5299B4E0300BB506A /* Frameworks */ = {
			isa = PBXFrameworksBuildPhase;
			buildActionMask = 2147483647;
			files = (
			);
			runOnlyForDeploymentPostprocessing = 0;
		};
/* End PBXFrameworksBuildPhase section */

/* Begin PBXGroup section */
		39EEE295299B4E0200BB506A = {
			isa = PBXGroup;
			children = (
				39EEE2A0299B4E0200BB506A /* techGoods */,
				39EEE2B1299B4E0300BB506A /* techGoodsTests */,
				39EEE2BB299B4E0400BB506A /* techGoodsUITests */,
				39EEE29F299B4E0200BB506A /* Products */,
			);
			sourceTree = "<group>";
		};
		39EEE29F299B4E0200BB506A /* Products */ = {
			isa = PBXGroup;
			children = (
				39EEE29E299B4E0200BB506A /* techGoods.app */,
				39EEE2AE299B4E0300BB506A /* techGoodsTests.xctest */,
				39EEE2B8299B4E0300BB506A /* techGoodsUITests.xctest */,
			);
			name = Products;
			sourceTree = "<group>";
		};
		39EEE2A0299B4E0200BB506A /* techGoods */ = {
			isa = PBXGroup;
			children = (
				39EEE2A1299B4E0200BB506A /* techGoodsApp.swift */,
				39EEE2A3299B4E0200BB506A /* ContentView.swift */,
				39EEE2A5299B4E0300BB506A /* Assets.xcassets */,
				39EEE2A7299B4E0300BB506A /* Preview Content */,
			);
			path = techGoods;
			sourceTree = "<group>";
		};
		39EEE2A7299B4E0300BB506A /* Preview Content */ = {
			isa = PBXGroup;
			children = (
				39EEE2A8299B4E0300BB506A /* Preview Assets.xcassets */,
			);
			path = "Preview Content";
			sourceTree = "<group>";
		};
		39EEE2B1299B4E0300BB506A /* techGoodsTests */ = {
			isa = PBXGroup;
			children = (
				39EEE2B2299B4E0300BB506A /* techGoodsTests.swift */,
			);
			path = techGoodsTests;
			sourceTree = "<group>";
		};
		39EEE2BB299B4E0400BB506A /* techGoodsUITests */ = {
			isa = PBXGroup;
			children = (
				39EEE2BC299B4E0400BB506A /* techGoodsUITests.swift */,
				39EEE2BE299B4E0400BB506A /* techGoodsUITestsLaunchTests.swift */,
			);
			path = techGoodsUITests;
			sourceTree = "<group>";
		};
/* End PBXGroup section */

/* Begin PBXNativeTarget section */
		39EEE29D299B4E0200BB506A /* techGoods */ = {
			isa = PBXNativeTarget;
			buildConfigurationList = 39EEE2C2299B4E0400BB506A /* Build configuration list for PBXNativeTarget "techGoods" */;
			buildPhases = (
				39EEE29A299B4E0200BB506A /* Sources */,
				39EEE29B299B4E0200BB506A /* Frameworks */,
				39EEE29C299B4E0200BB506A /* Resources */,
			);
			buildRules = (
			);
			dependencies = (
			);
			name = techGoods;
			productName = techGoods;
			productReference = 39EEE29E299B4E0200BB506A /* techGoods.app */;
			productType = "com.apple.product-type.application";
		};
		39EEE2AD299B4E0300BB506A /* techGoodsTests */ = {
			isa = PBXNativeTarget;
			buildConfigurationList = 39EEE2C5299B4E0400BB506A /* Build configuration list for PBXNativeTarget "techGoodsTests" */;
			buildPhases = (
				39EEE2AA299B4E0300BB506A /* Sources */,
				39EEE2AB299B4E0300BB506A /* Frameworks */,
				39EEE2AC299B4E0300BB506A /* Resources */,
			);
			buildRules = (
			);
			dependencies = (
				39EEE2B0299B4E0300BB506A /* PBXTargetDependency */,
			);
			name = techGoodsTests;
			productName = techGoodsTests;
			productReference = 39EEE2AE299B4E0300BB506A /* techGoodsTests.xctest */;
			productType = "com.apple.product-type.bundle.unit-test";
		};
		39EEE2B7299B4E0300BB506A /* techGoodsUITests */ = {
			isa = PBXNativeTarget;
			buildConfigurationList = 39EEE2C8299B4E0400BB506A /* Build configuration list for PBXNativeTarget "techGoodsUITests" */;
			buildPhases = (
				39EEE2B4299B4E0300BB506A /* Sources */,
				39EEE2B5299B4E0300BB506A /* Frameworks */,
				39EEE2B6299B4E0300BB506A /* Resources */,
			);
			buildRules = (
			);
			dependencies = (
				39EEE2BA299B4E0400BB506A /* PBXTargetDependency */,
			);
			name = techGoodsUITests;
			productName = techGoodsUITests;
			productReference = 39EEE2B8299B4E0300BB506A /* techGoodsUITests.xctest */;
			productType = "com.apple.product-type.bundle.ui-testing";
		};
/* End PBXNativeTarget section */

/* Begin PBXProject section */
		39EEE296299B4E0200BB506A /* Project object */ = {
			isa = PBXProject;
			attributes = {
				BuildIndependentTargetsInParallel = 1;
				LastSwiftUpdateCheck = 1420;
				LastUpgradeCheck = 1420;
				TargetAttributes = {
					39EEE29D299B4E0200BB506A = {
						CreatedOnToolsVersion = 14.2;
					};
					39EEE2AD299B4E0300BB506A = {
						CreatedOnToolsVersion = 14.2;
						TestTargetID = 39EEE29D299B4E0200BB506A;
					};
					39EEE2B7299B4E0300BB506A = {
						CreatedOnToolsVersion = 14.2;
						TestTargetID = 39EEE29D299B4E0200BB506A;
					};
				};
			};
			buildConfigurationList = 39EEE299299B4E0200BB506A /* Build configuration list for PBXProject "techGoods" */;
			compatibilityVersion = "Xcode 14.0";
			developmentRegion = en;
			hasScannedForEncodings = 0;
			knownRegions = (
				en,
				Base,
			);
			mainGroup = 39EEE295299B4E0200BB506A;
			productRefGroup = 39EEE29F299B4E0200BB506A /* Products */;
			projectDirPath = "";
			projectRoot = "";
			targets = (
				39EEE29D299B4E0200BB506A /* techGoods */,
				39EEE2AD299B4E0300BB506A /* techGoodsTests */,
				39EEE2B7299B4E0300BB506A /* techGoodsUITests */,
			);
		};
/* End PBXProject section */

/* Begin PBXResourcesBuildPhase section */
		39EEE29C299B4E0200BB506A /* Resources */ = {
			isa = PBXResourcesBuildPhase;
			buildActionMask = 2147483647;
			files = (
				39EEE2A9299B4E0300BB506A /* Preview Assets.xcassets in Resources */,
				39EEE2A6299B4E0300BB506A /* Assets.xcassets in Resources */,
			);
			runOnlyForDeploymentPostprocessing = 0;
		};
		39EEE2AC299B4E0300BB506A /* Resources */ = {
			isa = PBXResourcesBuildPhase;
			buildActionMask = 2147483647;
			files = (
			);
			runOnlyForDeploymentPostprocessing = 0;
		};
		39EEE2B6299B4E0300BB506A /* Resources */ = {
			isa = PBXResourcesBuildPhase;
			buildActionMask = 2147483647;
			files = (
			);
			runOnlyForDeploymentPostprocessing = 0;
		};
/* End PBXResourcesBuildPhase section */

/* Begin PBXSourcesBuildPhase section */
		39EEE29A299B4E0200BB506A /* Sources */ = {
			isa = PBXSourcesBuildPhase;
			buildActionMask = 2147483647;
			files = (
				39EEE2A4299B4E0200BB506A /* ContentView.swift in Sources */,
				39EEE2A2299B4E0200BB506A /* techGoodsApp.swift in Sources */,
			);
			runOnlyForDeploymentPostprocessing = 0;
		};
		39EEE2AA299B4E0300BB506A /* Sources */ = {
			isa = PBXSourcesBuildPhase;
			buildActionMask = 2147483647;
			files = (
				39EEE2B3299B4E0300BB506A /* techGoodsTests.swift in Sources */,
			);
			runOnlyForDeploymentPostprocessing = 0;
		};
		39EEE2B4299B4E0300BB506A /* Sources */ = {
			isa = PBXSourcesBuildPhase;
			buildActionMask = 2147483647;
			files = (
				39EEE2BD299B4E0400BB506A /* techGoodsUITests.swift in Sources */,
				39EEE2BF299B4E0400BB506A /* techGoodsUITestsLaunchTests.swift in Sources */,
			);
			runOnlyForDeploymentPostprocessing = 0;
		};
/* End PBXSourcesBuildPhase section */

/* Begin PBXTargetDependency section */
		39EEE2B0299B4E0300BB506A /* PBXTargetDependency */ = {
			isa = PBXTargetDependency;
			target = 39EEE29D299B4E0200BB506A /* techGoods */;
			targetProxy = 39EEE2AF299B4E0300BB506A /* PBXContainerItemProxy */;
		};
		39EEE2BA299B4E0400BB506A /* PBXTargetDependency */ = {
			isa = PBXTargetDependency;
			target = 39EEE29D299B4E0200BB506A /* techGoods */;
			targetProxy = 39EEE2B9299B4E0400BB506A /* PBXContainerItemProxy */;
		};
/* End PBXTargetDependency section */

/* Begin XCBuildConfiguration section */
		39EEE2C0299B4E0400BB506A /* Debug */ = {
			isa = XCBuildConfiguration;
			buildSettings = {
				ALWAYS_SEARCH_USER_PATHS = NO;
				CLANG_ANALYZER_NONNULL = YES;
				CLANG_ANALYZER_NUMBER_OBJECT_CONVERSION = YES_AGGRESSIVE;
				CLANG_CXX_LANGUAGE_STANDARD = "gnu++20";
				CLANG_ENABLE_MODULES = YES;
				CLANG_ENABLE_OBJC_ARC = YES;
				CLANG_ENABLE_OBJC_WEAK = YES;
				CLANG_WARN_BLOCK_CAPTURE_AUTORELEASING = YES;
				CLANG_WARN_BOOL_CONVERSION = YES;
				CLANG_WARN_COMMA = YES;
				CLANG_WARN_CONSTANT_CONVERSION = YES;
				CLANG_WARN_DEPRECATED_OBJC_IMPLEMENTATIONS = YES;
				CLANG_WARN_DIRECT_OBJC_ISA_USAGE = YES_ERROR;
				CLANG_WARN_DOCUMENTATION_COMMENTS = YES;
				CLANG_WARN_EMPTY_BODY = YES;
				CLANG_WARN_ENUM_CONVERSION = YES;
				CLANG_WARN_INFINITE_RECURSION = YES;
				CLANG_WARN_INT_CONVERSION = YES;
				CLANG_WARN_NON_LITERAL_NULL_CONVERSION = YES;
				CLANG_WARN_OBJC_IMPLICIT_RETAIN_SELF = YES;
				CLANG_WARN_OBJC_LITERAL_CONVERSION = YES;
				CLANG_WARN_OBJC_ROOT_CLASS = YES_ERROR;
				CLANG_WARN_QUOTED_INCLUDE_IN_FRAMEWORK_HEADER = YES;
				CLANG_WARN_RANGE_LOOP_ANALYSIS = YES;
				CLANG_WARN_STRICT_PROTOTYPES = YES;
				CLANG_WARN_SUSPICIOUS_MOVE = YES;
				CLANG_WARN_UNGUARDED_AVAILABILITY = YES_AGGRESSIVE;
				CLANG_WARN_UNREACHABLE_CODE = YES;
				CLANG_WARN__DUPLICATE_METHOD_MATCH = YES;
				COPY_PHASE_STRIP = NO;
				DEBUG_INFORMATION_FORMAT = dwarf;
				ENABLE_STRICT_OBJC_MSGSEND = YES;
				ENABLE_TESTABILITY = YES;
				GCC_C_LANGUAGE_STANDARD = gnu11;
				GCC_DYNAMIC_NO_PIC = NO;
				GCC_NO_COMMON_BLOCKS = YES;
				GCC_OPTIMIZATION_LEVEL = 0;
				GCC_PREPROCESSOR_DEFINITIONS = (
					"DEBUG=1",
					"$(inherited)",
				);
				GCC_WARN_64_TO_32_BIT_CONVERSION = YES;
				GCC_WARN_ABOUT_RETURN_TYPE = YES_ERROR;
				GCC_WARN_UNDECLARED_SELECTOR = YES;
				GCC_WARN_UNINITIALIZED_AUTOS = YES_AGGRESSIVE;
				GCC_WARN_UNUSED_FUNCTION = YES;
				GCC_WARN_UNUSED_VARIABLE = YES;
				IPHONEOS_DEPLOYMENT_TARGET = 16.2;
				MTL_ENABLE_DEBUG_INFO = INCLUDE_SOURCE;
				MTL_FAST_MATH = YES;
				ONLY_ACTIVE_ARCH = YES;
				SDKROOT = iphoneos;
				SWIFT_ACTIVE_COMPILATION_CONDITIONS = DEBUG;
				SWIFT_OPTIMIZATION_LEVEL = "-Onone";
			};
			name = Debug;
		};
		39EEE2C1299B4E0400BB506A /* Release */ = {
			isa = XCBuildConfiguration;
			buildSettings = {
				ALWAYS_SEARCH_USER_PATHS = NO;
				CLANG_ANALYZER_NONNULL = YES;
				CLANG_ANALYZER_NUMBER_OBJECT_CONVERSION = YES_AGGRESSIVE;
				CLANG_CXX_LANGUAGE_STANDARD = "gnu++20";
				CLANG_ENABLE_MODULES = YES;
				CLANG_ENABLE_OBJC_ARC = YES;
				CLANG_ENABLE_OBJC_WEAK = YES;
				CLANG_WARN_BLOCK_CAPTURE_AUTORELEASING = YES;
				CLANG_WARN_BOOL_CONVERSION = YES;
				CLANG_WARN_COMMA = YES;
				CLANG_WARN_CONSTANT_CONVERSION = YES;
				CLANG_WARN_DEPRECATED_OBJC_IMPLEMENTATIONS = YES;
				CLANG_WARN_DIRECT_OBJC_ISA_USAGE = YES_ERROR;
				CLANG_WARN_DOCUMENTATION_COMMENTS = YES;
				CLANG_WARN_EMPTY_BODY = YES;
				CLANG_WARN_ENUM_CONVERSION = YES;
				CLANG_WARN_INFINITE_RECURSION = YES;
				CLANG_WARN_INT_CONVERSION = YES;
				CLANG_WARN_NON_LITERAL_NULL_CONVERSION = YES;
				CLANG_WARN_OBJC_IMPLICIT_RETAIN_SELF = YES;
				CLANG_WARN_OBJC_LITERAL_CONVERSION = YES;
				CLANG_WARN_OBJC_ROOT_CLASS = YES_ERROR;
				CLANG_WARN_QUOTED_INCLUDE_IN_FRAMEWORK_HEADER = YES;
				CLANG_WARN_RANGE_LOOP_ANALYSIS = YES;
				CLANG_WARN_STRICT_PROTOTYPES = YES;
				CLANG_WARN_SUSPICIOUS_MOVE = YES;
				CLANG_WARN_UNGUARDED_AVAILABILITY = YES_AGGRESSIVE;
				CLANG_WARN_UNREACHABLE_CODE = YES;
				CLANG_WARN__DUPLICATE_METHOD_MATCH = YES;
				COPY_PHASE_STRIP = NO;
				DEBUG_INFORMATION_FORMAT = "dwarf-with-dsym";
				ENABLE_NS_ASSERTIONS = NO;
				ENABLE_STRICT_OBJC_MSGSEND = YES;
				GCC_C_LANGUAGE_STANDARD = gnu11;
				GCC_NO_COMMON_BLOCKS = YES;
				GCC_WARN_64_TO_32_BIT_CONVERSION = YES;
				GCC_WARN_ABOUT_RETURN_TYPE = YES_ERROR;
				GCC_WARN_UNDECLARED_SELECTOR = YES;
				GCC_WARN_UNINITIALIZED_AUTOS = YES_AGGRESSIVE;
				GCC_WARN_UNUSED_FUNCTION = YES;
				GCC_WARN_UNUSED_VARIABLE = YES;
				IPHONEOS_DEPLOYMENT_TARGET = 16.2;
				MTL_ENABLE_DEBUG_INFO = NO;
				MTL_FAST_MATH = YES;
				SDKROOT = iphoneos;
				SWIFT_COMPILATION_MODE = wholemodule;
				SWIFT_OPTIMIZATION_LEVEL = "-O";
				VALIDATE_PRODUCT = YES;
			};
			name = Release;
		};
		39EEE2C3299B4E0400BB506A /* Debug */ = {
			isa = XCBuildConfiguration;
			buildSettings = {
				ASSETCATALOG_COMPILER_APPICON_NAME = AppIcon;
				ASSETCATALOG_COMPILER_GLOBAL_ACCENT_COLOR_NAME = AccentColor;
				CODE_SIGN_STYLE = Automatic;
				CURRENT_PROJECT_VERSION = 1;
				DEVELOPMENT_ASSET_PATHS = "\"techGoods/Preview Content\"";
				ENABLE_PREVIEWS = YES;
				GENERATE_INFOPLIST_FILE = YES;
				INFOPLIST_KEY_UIApplicationSceneManifest_Generation = YES;
				INFOPLIST_KEY_UIApplicationSupportsIndirectInputEvents = YES;
				INFOPLIST_KEY_UILaunchScreen_Generation = YES;
				INFOPLIST_KEY_UISupportedInterfaceOrientations_iPad = "UIInterfaceOrientationPortrait UIInterfaceOrientationPortraitUpsideDown UIInterfaceOrientationLandscapeLeft UIInterfaceOrientationLandscapeRight";
				INFOPLIST_KEY_UISupportedInterfaceOrientations_iPhone = "UIInterfaceOrientationPortrait UIInterfaceOrientationLandscapeLeft UIInterfaceOrientationLandscapeRight";
				LD_RUNPATH_SEARCH_PATHS = (
					"$(inherited)",
					"@executable_path/Frameworks",
				);
				MARKETING_VERSION = 1.0;
				PRODUCT_BUNDLE_IDENTIFIER = com.techGoods;
				PRODUCT_NAME = "$(TARGET_NAME)";
				SWIFT_EMIT_LOC_STRINGS = YES;
				SWIFT_VERSION = 5.0;
				TARGETED_DEVICE_FAMILY = "1,2";
			};
			name = Debug;
		};
		39EEE2C4299B4E0400BB506A /* Release */ = {
			isa = XCBuildConfiguration;
			buildSettings = {
				ASSETCATALOG_COMPILER_APPICON_NAME = AppIcon;
				ASSETCATALOG_COMPILER_GLOBAL_ACCENT_COLOR_NAME = AccentColor;
				CODE_SIGN_STYLE = Automatic;
				CURRENT_PROJECT_VERSION = 1;
				DEVELOPMENT_ASSET_PATHS = "\"techGoods/Preview Content\"";
				ENABLE_PREVIEWS = YES;
				GENERATE_INFOPLIST_FILE = YES;
				INFOPLIST_KEY_UIApplicationSceneManifest_Generation = YES;
				INFOPLIST_KEY_UIApplicationSupportsIndirectInputEvents = YES;
				INFOPLIST_KEY_UILaunchScreen_Generation = YES;
				INFOPLIST_KEY_UISupportedInterfaceOrientations_iPad = "UIInterfaceOrientationPortrait UIInterfaceOrientationPortraitUpsideDown UIInterfaceOrientationLandscapeLeft UIInterfaceOrientationLandscapeRight";
				INFOPLIST_KEY_UISupportedInterfaceOrientations_iPhone = "UIInterfaceOrientationPortrait UIInterfaceOrientationLandscapeLeft UIInterfaceOrientationLandscapeRight";
				LD_RUNPATH_SEARCH_PATHS = (
					"$(inherited)",
					"@executable_path/Frameworks",
				);
				MARKETING_VERSION = 1.0;
				PRODUCT_BUNDLE_IDENTIFIER = com.techGoods;
				PRODUCT_NAME = "$(TARGET_NAME)";
				SWIFT_EMIT_LOC_STRINGS = YES;
				SWIFT_VERSION = 5.0;
				TARGETED_DEVICE_FAMILY = "1,2";
			};
			name = Release;
		};
		39EEE2C6299B4E0400BB506A /* Debug */ = {
			isa = XCBuildConfiguration;
			buildSettings = {
				ALWAYS_EMBED_SWIFT_STANDARD_LIBRARIES = YES;
				BUNDLE_LOADER = "$(TEST_HOST)";
				CODE_SIGN_STYLE = Automatic;
				CURRENT_PROJECT_VERSION = 1;
				GENERATE_INFOPLIST_FILE = YES;
				IPHONEOS_DEPLOYMENT_TARGET = 16.2;
				MARKETING_VERSION = 1.0;
				PRODUCT_BUNDLE_IDENTIFIER = com.techGoodsTests;
				PRODUCT_NAME = "$(TARGET_NAME)";
				SWIFT_EMIT_LOC_STRINGS = NO;
				SWIFT_VERSION = 5.0;
				TARGETED_DEVICE_FAMILY = "1,2";
				TEST_HOST = "$(BUILT_PRODUCTS_DIR)/techGoods.app/$(BUNDLE_EXECUTABLE_FOLDER_PATH)/techGoods";
			};
			name = Debug;
		};
		39EEE2C7299B4E0400BB506A /* Release */ = {
			isa = XCBuildConfiguration;
			buildSettings = {
				ALWAYS_EMBED_SWIFT_STANDARD_LIBRARIES = YES;
				BUNDLE_LOADER = "$(TEST_HOST)";
				CODE_SIGN_STYLE = Automatic;
				CURRENT_PROJECT_VERSION = 1;
				GENERATE_INFOPLIST_FILE = YES;
				IPHONEOS_DEPLOYMENT_TARGET = 16.2;
				MARKETING_VERSION = 1.0;
				PRODUCT_BUNDLE_IDENTIFIER = com.techGoodsTests;
				PRODUCT_NAME = "$(TARGET_NAME)";
				SWIFT_EMIT_LOC_STRINGS = NO;
				SWIFT_VERSION = 5.0;
				TARGETED_DEVICE_FAMILY = "1,2";
				TEST_HOST = "$(BUILT_PRODUCTS_DIR)/techGoods.app/$(BUNDLE_EXECUTABLE_FOLDER_PATH)/techGoods";
			};
			name = Release;
		};
		39EEE2C9299B4E0400BB506A /* Debug */ = {
			isa = XCBuildConfiguration;
			buildSettings = {
				ALWAYS_EMBED_SWIFT_STANDARD_LIBRARIES = YES;
				CODE_SIGN_STYLE = Automatic;
				CURRENT_PROJECT_VERSION = 1;
				GENERATE_INFOPLIST_FILE = YES;
				MARKETING_VERSION = 1.0;
				PRODUCT_BUNDLE_IDENTIFIER = com.techGoodsUITests;
				PRODUCT_NAME = "$(TARGET_NAME)";
				SWIFT_EMIT_LOC_STRINGS = NO;
				SWIFT_VERSION = 5.0;
				TARGETED_DEVICE_FAMILY = "1,2";
				TEST_TARGET_NAME = techGoods;
			};
			name = Debug;
		};
		39EEE2CA299B4E0400BB506A /* Release */ = {
			isa = XCBuildConfiguration;
			buildSettings = {
				ALWAYS_EMBED_SWIFT_STANDARD_LIBRARIES = YES;
				CODE_SIGN_STYLE = Automatic;
				CURRENT_PROJECT_VERSION = 1;
				GENERATE_INFOPLIST_FILE = YES;
				MARKETING_VERSION = 1.0;
				PRODUCT_BUNDLE_IDENTIFIER = com.techGoodsUITests;
				PRODUCT_NAME = "$(TARGET_NAME)";
				SWIFT_EMIT_LOC_STRINGS = NO;
				SWIFT_VERSION = 5.0;
				TARGETED_DEVICE_FAMILY = "1,2";
				TEST_TARGET_NAME = techGoods;
			};
			name = Release;
		};
/* End XCBuildConfiguration section */

/* Begin XCConfigurationList section */
		39EEE299299B4E0200BB506A /* Build configuration list for PBXProject "techGoods" */ = {
			isa = XCConfigurationList;
			buildConfigurations = (
				39EEE2C0299B4E0400BB506A /* Debug */,
				39EEE2C1299B4E0400BB506A /* Release */,
			);
			defaultConfigurationIsVisible = 0;
			defaultConfigurationName = Release;
		};
		39EEE2C2299B4E0400BB506A /* Build configuration list for PBXNativeTarget "techGoods" */ = {
			isa = XCConfigurationList;
			buildConfigurations = (
				39EEE2C3299B4E0400BB506A /* Debug */,
				39EEE2C4299B4E0400BB506A /* Release */,
			);
			defaultConfigurationIsVisible = 0;
			defaultConfigurationName = Release;
		};
		39EEE2C5299B4E0400BB506A /* Build configuration list for PBXNativeTarget "techGoodsTests" */ = {
			isa = XCConfigurationList;
			buildConfigurations = (
				39EEE2C6299B4E0400BB506A /* Debug */,
				39EEE2C7299B4E0400BB506A /* Release */,
			);
			defaultConfigurationIsVisible = 0;
			defaultConfigurationName = Release;
		};
		39EEE2C8299B4E0400BB506A /* Build configuration list for PBXNativeTarget "techGoodsUITests" */ = {
			isa = XCConfigurationList;
			buildConfigurations = (
				39EEE2C9299B4E0400BB506A /* Debug */,
				39EEE2CA299B4E0400BB506A /* Release */,
			);
			defaultConfigurationIsVisible = 0;
			defaultConfigurationName = Release;
		};
/* End XCConfigurationList section */
	};
	rootObject = 39EEE296299B4E0200BB506A /* Project object */;
}
